
Microsoft Visual Studio Solution File, Format Version 12.00
# Visual Studio Version 17
VisualStudioVersion = 17.3.32825.248
MinimumVisualStudioVersion = 10.0.40219.1
Project("{8BC9CEB8-8B4A-11D0-8D11-00A0C91BC942}") = "burst_common", "burst\common\burst_common.vcxproj", "{A7C1FA07-8118-45D9-97CA-E8B9D3BD2FFD}"
EndProject
Project("{8BC9CEB8-8B4A-11D0-8D11-00A0C91BC942}") = "burst_glfw", "burst\glfw\burst_glfw.vcxproj", "{86D6FA3B-93E4-4A23-ABAF-B5A1F9C0D07E}"
EndProject
Project("{8BC9CEB8-8B4A-11D0-8D11-00A0C91BC942}") = "burst_vulkan", "burst\vulkan\burst_vulkan.vcxproj", "{631B586D-1AB4-4740-A23A-5420B06CAD0F}"
EndProject
Project("{2150E333-8FDC-42A3-9474-1A3956D46DE8}") = "engine", "engine", "{98A1048F-B8D3-4B84-B6C5-D3B74F174899}"
EndProject
Project("{2150E333-8FDC-42A3-9474-1A3956D46DE8}") = "demos", "demos", "{F3444A74-DFDE-4975-B75E-9A67A9DFA483}"
EndProject
Project("{8BC9CEB8-8B4A-11D0-8D11-00A0C91BC942}") = "SimpleDemo", "demos\SimpleDemo\SimpleDemo.vcxproj", "{6A530135-2B8C-4E33-8517-1AE7AEC480DD}"
EndProject
Project("{2150E333-8FDC-42A3-9474-1A3956D46DE8}") = "Vulkan", "Vulkan", "{35D75EA3-CCF7-47DC-A2CF-0937E40A1C3A}"
EndProject
Global
	GlobalSection(SolutionConfigurationPlatforms) = preSolution
		Debug|x64 = Debug|x64
		Debug|x86 = Debug|x86
		Emscripten|x64 = Emscripten|x64
		Emscripten|x86 = Emscripten|x86
		Release|x64 = Release|x64
		Release|x86 = Release|x86
	EndGlobalSection
	GlobalSection(ProjectConfigurationPlatforms) = postSolution
		{A7C1FA07-8118-45D9-97CA-E8B9D3BD2FFD}.Debug|x64.ActiveCfg = Debug|x64
		{A7C1FA07-8118-45D9-97CA-E8B9D3BD2FFD}.Debug|x64.Build.0 = Debug|x64
		{A7C1FA07-8118-45D9-97CA-E8B9D3BD2FFD}.Debug|x86.ActiveCfg = Debug|Win32
		{A7C1FA07-8118-45D9-97CA-E8B9D3BD2FFD}.Debug|x86.Build.0 = Debug|Win32
		{A7C1FA07-8118-45D9-97CA-E8B9D3BD2FFD}.Emscripten|x64.ActiveCfg = Release|x64
		{A7C1FA07-8118-45D9-97CA-E8B9D3BD2FFD}.Emscripten|x64.Build.0 = Release|x64
		{A7C1FA07-8118-45D9-97CA-E8B9D3BD2FFD}.Emscripten|x86.ActiveCfg = Release|Win32
		{A7C1FA07-8118-45D9-97CA-E8B9D3BD2FFD}.Emscripten|x86.Build.0 = Release|Win32
		{A7C1FA07-8118-45D9-97CA-E8B9D3BD2FFD}.Release|x64.ActiveCfg = Release|x64
		{A7C1FA07-8118-45D9-97CA-E8B9D3BD2FFD}.Release|x64.Build.0 = Release|x64
		{A7C1FA07-8118-45D9-97CA-E8B9D3BD2FFD}.Release|x86.ActiveCfg = Release|Win32
		{A7C1FA07-8118-45D9-97CA-E8B9D3BD2FFD}.Release|x86.Build.0 = Release|Win32
		{86D6FA3B-93E4-4A23-ABAF-B5A1F9C0D07E}.Debug|x64.ActiveCfg = Debug|x64
		{86D6FA3B-93E4-4A23-ABAF-B5A1F9C0D07E}.Debug|x64.Build.0 = Debug|x64
		{86D6FA3B-93E4-4A23-ABAF-B5A1F9C0D07E}.Debug|x86.ActiveCfg = Debug|Win32
		{86D6FA3B-93E4-4A23-ABAF-B5A1F9C0D07E}.Debug|x86.Build.0 = Debug|Win32
		{86D6FA3B-93E4-4A23-ABAF-B5A1F9C0D07E}.Emscripten|x64.ActiveCfg = Release|x64
		{86D6FA3B-93E4-4A23-ABAF-B5A1F9C0D07E}.Emscripten|x64.Build.0 = Release|x64
		{86D6FA3B-93E4-4A23-ABAF-B5A1F9C0D07E}.Emscripten|x86.ActiveCfg = Release|Win32
		{86D6FA3B-93E4-4A23-ABAF-B5A1F9C0D07E}.Emscripten|x86.Build.0 = Release|Win32
		{86D6FA3B-93E4-4A23-ABAF-B5A1F9C0D07E}.Release|x64.ActiveCfg = Release|x64
		{86D6FA3B-93E4-4A23-ABAF-B5A1F9C0D07E}.Release|x64.Build.0 = Release|x64
		{86D6FA3B-93E4-4A23-ABAF-B5A1F9C0D07E}.Release|x86.ActiveCfg = Release|Win32
		{86D6FA3B-93E4-4A23-ABAF-B5A1F9C0D07E}.Release|x86.Build.0 = Release|Win32
		{631B586D-1AB4-4740-A23A-5420B06CAD0F}.Debug|x64.ActiveCfg = Debug|x64
		{631B586D-1AB4-4740-A23A-5420B06CAD0F}.Debug|x64.Build.0 = Debug|x64
		{631B586D-1AB4-4740-A23A-5420B06CAD0F}.Debug|x86.ActiveCfg = Debug|Win32
		{631B586D-1AB4-4740-A23A-5420B06CAD0F}.Debug|x86.Build.0 = Debug|Win32
		{631B586D-1AB4-4740-A23A-5420B06CAD0F}.Emscripten|x64.ActiveCfg = Release|x64
		{631B586D-1AB4-4740-A23A-5420B06CAD0F}.Emscripten|x64.Build.0 = Release|x64
		{631B586D-1AB4-4740-A23A-5420B06CAD0F}.Emscripten|x86.ActiveCfg = Release|Win32
		{631B586D-1AB4-4740-A23A-5420B06CAD0F}.Emscripten|x86.Build.0 = Release|Win32
		{631B586D-1AB4-4740-A23A-5420B06CAD0F}.Release|x64.ActiveCfg = Release|x64
		{631B586D-1AB4-4740-A23A-5420B06CAD0F}.Release|x64.Build.0 = Release|x64
		{631B586D-1AB4-4740-A23A-5420B06CAD0F}.Release|x86.ActiveCfg = Release|Win32
		{631B586D-1AB4-4740-A23A-5420B06CAD0F}.Release|x86.Build.0 = Release|Win32
		{6A530135-2B8C-4E33-8517-1AE7AEC480DD}.Debug|x64.ActiveCfg = Debug|x64
		{6A530135-2B8C-4E33-8517-1AE7AEC480DD}.Debug|x64.Build.0 = Debug|x64
		{6A530135-2B8C-4E33-8517-1AE7AEC480DD}.Debug|x86.ActiveCfg = Debug|Win32
		{6A530135-2B8C-4E33-8517-1AE7AEC480DD}.Debug|x86.Build.0 = Debug|Win32
		{6A530135-2B8C-4E33-8517-1AE7AEC480DD}.Emscripten|x64.ActiveCfg = Release|x64
		{6A530135-2B8C-4E33-8517-1AE7AEC480DD}.Emscripten|x64.Build.0 = Release|x64
		{6A530135-2B8C-4E33-8517-1AE7AEC480DD}.Emscripten|x86.ActiveCfg = Release|Win32
		{6A530135-2B8C-4E33-8517-1AE7AEC480DD}.Emscripten|x86.Build.0 = Release|Win32
		{6A530135-2B8C-4E33-8517-1AE7AEC480DD}.Release|x64.ActiveCfg = Release|x64
		{6A530135-2B8C-4E33-8517-1AE7AEC480DD}.Release|x64.Build.0 = Release|x64
		{6A530135-2B8C-4E33-8517-1AE7AEC480DD}.Release|x86.ActiveCfg = Release|Win32
		{6A530135-2B8C-4E33-8517-1AE7AEC480DD}.Release|x86.Build.0 = Release|Win32
	EndGlobalSection
	GlobalSection(SolutionProperties) = preSolution
		HideSolutionNode = FALSE
	EndGlobalSection
	GlobalSection(NestedProjects) = preSolution
		{86D6FA3B-93E4-4A23-ABAF-B5A1F9C0D07E} = {98A1048F-B8D3-4B84-B6C5-D3B74F174899}
		{631B586D-1AB4-4740-A23A-5420B06CAD0F} = {35D75EA3-CCF7-47DC-A2CF-0937E40A1C3A}
		{6A530135-2B8C-4E33-8517-1AE7AEC480DD} = {F3444A74-DFDE-4975-B75E-9A67A9DFA483}
	EndGlobalSection
	GlobalSection(ExtensibilityGlobals) = postSolution
		SolutionGuid = {63AA58E1-3652-4A7E-9EE7-4A2EC6311D3A}
	EndGlobalSection
EndGlobal
