<?xml version="1.0" encoding="utf-8"?>
<Project ToolsVersion="4.0" xmlns="http://schemas.microsoft.com/developer/msbuild/2003">
  <ItemGroup>
    <Filter Include="Source Files">
      <UniqueIdentifier>{4FC737F1-C7A5-4376-A066-2A32D752A2FF}</UniqueIdentifier>
      <Extensions>cpp;c;cc;cxx;c++;cppm;ixx;def;odl;idl;hpj;bat;asm;asmx</Extensions>
    </Filter>
    <Filter Include="Header Files">
      <UniqueIdentifier>{93995380-89BD-4b04-88EB-625FBE52EBFB}</UniqueIdentifier>
      <Extensions>h;hh;hpp;hxx;h++;hm;inl;inc;ipp;xsd</Extensions>
    </Filter>
    <Filter Include="Resource Files">
      <UniqueIdentifier>{67DA6AB6-F800-4c08-8B7A-83BB121AAD01}</UniqueIdentifier>
      <Extensions>rc;ico;cur;bmp;dlg;rc2;rct;bin;rgs;gif;jpg;jpeg;jpe;resx;tiff;tif;png;wav;mfcribbon-ms</Extensions>
    </Filter>
    <Filter Include="Header Files\Instance">
      <UniqueIdentifier>{9f56cde4-546c-4c49-bcf6-208002ad6cf3}</UniqueIdentifier>
    </Filter>
    <Filter Include="Source Files\Instance">
      <UniqueIdentifier>{4ea92a16-22bf-4c56-8db5-650660ad7ebb}</UniqueIdentifier>
    </Filter>
    <Filter Include="Header Files\Instance\Components">
      <UniqueIdentifier>{26082f1c-ab94-4f34-9a1a-52255177f594}</UniqueIdentifier>
    </Filter>
    <Filter Include="Header Files\Instance\Components\SurfaceKHR">
      <UniqueIdentifier>{59a5dd67-d74d-44b5-a633-031790b596ee}</UniqueIdentifier>
    </Filter>
    <Filter Include="Header Files\Instance\Components\Swapchain">
      <UniqueIdentifier>{afe76b4f-5429-44c6-afb3-fbfad473a85e}</UniqueIdentifier>
    </Filter>
    <Filter Include="Source Files\Instance\Components">
      <UniqueIdentifier>{bf8cb7ed-e94a-478c-97bf-5c2e9ae350c0}</UniqueIdentifier>
    </Filter>
    <Filter Include="Source Files\Instance\Components\SurfaceKHR">
      <UniqueIdentifier>{b03df0d4-4914-4fe2-b7c7-c1ca87237f14}</UniqueIdentifier>
    </Filter>
    <Filter Include="Source Files\Instance\Components\SwapchainKHR">
      <UniqueIdentifier>{21f122f6-5198-425c-912a-85af97bdab44}</UniqueIdentifier>
    </Filter>
    <Filter Include="Source Files\Graphics">
      <UniqueIdentifier>{1fd3ddd0-da2c-4542-a90c-d98f2419d94e}</UniqueIdentifier>
    </Filter>
    <Filter Include="Header Files\Graphics">
      <UniqueIdentifier>{699fab9d-cbdb-4e29-8763-d62a8ab1efbf}</UniqueIdentifier>
    </Filter>
    <Filter Include="Header Files\Instance\Instance">
      <UniqueIdentifier>{79c50b0d-b63a-422b-bd31-99908b011caf}</UniqueIdentifier>
    </Filter>
    <Filter Include="Source Files\Instance\Instance">
      <UniqueIdentifier>{9eff5e22-7546-42cf-967b-27023d6a89d3}</UniqueIdentifier>
    </Filter>
    <Filter Include="Header Files\Instance\Instance\Gpu">
      <UniqueIdentifier>{bca0c6db-2966-43cf-8382-4f7ae47c3b3d}</UniqueIdentifier>
    </Filter>
    <Filter Include="Header Files\Instance\Instance\Device">
      <UniqueIdentifier>{8ccf9f9f-d007-4efe-a38b-bdae12cf44bb}</UniqueIdentifier>
    </Filter>
    <Filter Include="Source Files\Commands">
      <UniqueIdentifier>{6ef53ac8-4b5e-4f78-b441-2fdc47ad4c41}</UniqueIdentifier>
    </Filter>
    <Filter Include="Header Files\Commands">
      <UniqueIdentifier>{2a1704aa-9cd8-435c-94be-8a561c219f5d}</UniqueIdentifier>
    </Filter>
    <Filter Include="Header Files\Sync">
      <UniqueIdentifier>{165a793c-6895-4d34-adaa-945087457fae}</UniqueIdentifier>
    </Filter>
    <Filter Include="Source Files\Sync">
      <UniqueIdentifier>{511f8603-2a9e-4bd0-9083-cda7b5983523}</UniqueIdentifier>
    </Filter>
  </ItemGroup>
  <ItemGroup>
    <ClInclude Include="..\Vulkan.h">
      <Filter>Header Files</Filter>
    </ClInclude>
    <ClInclude Include="Errors.h">
      <Filter>Header Files</Filter>
    </ClInclude>
    <ClInclude Include="Const.h">
      <Filter>Header Files</Filter>
    </ClInclude>
    <ClInclude Include="Pipeline\Shaders\Shader.h">
      <Filter>Header Files\Graphics</Filter>
    </ClInclude>
    <ClInclude Include="Renderer\Renderer.h">
      <Filter>Header Files</Filter>
    </ClInclude>
    <ClInclude Include="Sync\Semaphore.h">
      <Filter>Header Files\Sync</Filter>
    </ClInclude>
    <ClInclude Include="Sync\Fence.h">
      <Filter>Header Files\Sync</Filter>
    </ClInclude>
    <ClInclude Include="Instance\Instance.h">
      <Filter>Header Files</Filter>
    </ClInclude>
    <ClInclude Include="Instance\Requirement.h">
      <Filter>Header Files</Filter>
    </ClInclude>
    <ClInclude Include="Configuration.h">
      <Filter>Header Files</Filter>
    </ClInclude>
    <ClInclude Include="Instance\Gpu\Gpu.h">
      <Filter>Header Files</Filter>
    </ClInclude>
    <ClInclude Include="Instance\Gpu\IGpuAnalyzer.h">
      <Filter>Header Files</Filter>
    </ClInclude>
    <ClInclude Include="Instance\Gpu\Queues.h">
      <Filter>Header Files</Filter>
    </ClInclude>
    <ClInclude Include="Instance\Gpu\IQueueLocator.h">
      <Filter>Header Files</Filter>
    </ClInclude>
    <ClInclude Include="Instance\Gpu\Locators\GraphicsQueueLocator.h">
      <Filter>Header Files</Filter>
    </ClInclude>
    <ClInclude Include="Instance\SurfaceKHR\SurfaceKHR.h">
      <Filter>Header Files</Filter>
    </ClInclude>
    <ClInclude Include="Instance\SurfaceKHR\SurfaceSupportOptions.h">
      <Filter>Header Files</Filter>
    </ClInclude>
    <ClInclude Include="Utils\Extensions.h">
      <Filter>Header Files</Filter>
    </ClInclude>
    <ClInclude Include="Instance\SurfaceKHR\GpuSurface.h">
      <Filter>Header Files</Filter>
    </ClInclude>
    <ClInclude Include="Instance\DebugMessenger.h">
      <Filter>Header Files</Filter>
    </ClInclude>
    <ClInclude Include="Instance\Device\Device.h">
      <Filter>Header Files</Filter>
    </ClInclude>
    <ClInclude Include="Instance\SwapchainKHR\SwapchainKHR.h">
      <Filter>Header Files</Filter>
    </ClInclude>
    <ClInclude Include="Instance\SwapchainKHR\Usage.h">
      <Filter>Header Files</Filter>
    </ClInclude>
    <ClInclude Include="Pipeline\Shaders\IShaderLoader.h">
      <Filter>Header Files</Filter>
    </ClInclude>
    <ClInclude Include="Pipeline\Shaders\Loaders\BuiltinShader.h">
      <Filter>Header Files</Filter>
    </ClInclude>
    <ClInclude Include="Pipeline\Shaders\Embedded.h">
      <Filter>Header Files</Filter>
    </ClInclude>
    <ClInclude Include="Pipeline\Pipeline.h">
      <Filter>Header Files</Filter>
    </ClInclude>
    <ClInclude Include="Pipeline\PipelineLoader.h">
      <Filter>Header Files</Filter>
    </ClInclude>
    <ClInclude Include="Pipeline\IDynamicStateHandler.h">
      <Filter>Header Files</Filter>
    </ClInclude>
    <ClInclude Include="Pipeline\Dynamic States\DynamicViewportHandler.h">
      <Filter>Header Files</Filter>
    </ClInclude>
    <ClInclude Include="Pipeline\RenderPass\RenderPass.h">
      <Filter>Header Files</Filter>
    </ClInclude>
    <ClInclude Include="Pipeline\RenderPass\Subpass.h">
      <Filter>Header Files</Filter>
    </ClInclude>
    <ClInclude Include="Commands\CommandPool.h">
      <Filter>Header Files</Filter>
    </ClInclude>
    <ClInclude Include="Commands\CommandBuffer.h">
      <Filter>Header Files</Filter>
    </ClInclude>
    <ClInclude Include="IVulkanWindow.h">
      <Filter>Header Files</Filter>
    </ClInclude>
    <ClInclude Include="Gfx\ImageView.h">
      <Filter>Header Files</Filter>
    </ClInclude>
    <ClInclude Include="Instance\SwapchainKHR\SwapchainImage.h">
      <Filter>Header Files</Filter>
    </ClInclude>
    <ClInclude Include="Gfx\IImage.h">
      <Filter>Header Files</Filter>
    </ClInclude>
    <ClInclude Include="Gfx\Dimensions.h">
      <Filter>Header Files</Filter>
    </ClInclude>
    <ClInclude Include="Utils\Burst.Windows.h">
      <Filter>Header Files</Filter>
    </ClInclude>
    <ClInclude Include="Commands\CommandRecorder.h">
      <Filter>Header Files</Filter>
    </ClInclude>
    <ClInclude Include="Pipeline\RenderPass\RenderPassContext.h">
      <Filter>Header Files</Filter>
    </ClInclude>
    <ClInclude Include="Renderer\FrameDrawer.h">
      <Filter>Header Files</Filter>
    </ClInclude>
    <ClInclude Include="Utils\DeviceBound.h">
      <Filter>Header Files</Filter>
    </ClInclude>
    <ClInclude Include="Utils\SwapchainBound.h">
      <Filter>Header Files</Filter>
    </ClInclude>
    <ClInclude Include="Pipeline\Framebuffer.h">
      <Filter>Header Files</Filter>
    </ClInclude>
    <ClInclude Include="Instance\Device\Queue.h">
      <Filter>Header Files</Filter>
    </ClInclude>
    <ClInclude Include="Instance\SwapchainKHR\ISwapchainObserver.h">
      <Filter>Header Files</Filter>
    </ClInclude>
    <ClInclude Include="Instance\SwapchainKHR\SwapchainCreator.h">
      <Filter>Header Files</Filter>
    </ClInclude>
    <ClInclude Include="Vk.h">
      <Filter>Header Files</Filter>
    </ClInclude>
  </ItemGroup>
  <ItemGroup>
    <ClCompile Include="Vulkan.cpp">
      <Filter>Source Files</Filter>
    </ClCompile>
    <ClCompile Include="Errors.cpp">
      <Filter>Source Files</Filter>
    </ClCompile>
    <ClCompile Include="Pipeline\Shaders\Shader.cpp">
      <Filter>Source Files\Graphics</Filter>
    </ClCompile>
    <ClCompile Include="Renderer\Renderer.cpp">
      <Filter>Source Files</Filter>
    </ClCompile>
    <ClCompile Include="Sync\Semaphore.cpp">
      <Filter>Source Files\Sync</Filter>
    </ClCompile>
    <ClCompile Include="Sync\Fence.cpp">
      <Filter>Source Files\Sync</Filter>
    </ClCompile>
    <ClCompile Include="Instance\Instance.cpp">
      <Filter>Source Files</Filter>
    </ClCompile>
    <ClCompile Include="Instance\Gpu\Gpu.cpp">
      <Filter>Source Files</Filter>
    </ClCompile>
    <ClCompile Include="Instance\Gpu\Analyzers\BasicGpuAnalyzer.h">
      <Filter>Source Files</Filter>
    </ClCompile>
    <ClCompile Include="Instance\Gpu\Analyzers\BasicGpuAnalyzer.cpp">
      <Filter>Source Files</Filter>
    </ClCompile>
    <ClCompile Include="Configuration.cpp">
      <Filter>Source Files</Filter>
    </ClCompile>
    <ClCompile Include="Instance\Gpu\Locators\GraphicsQueueLocator.cpp">
      <Filter>Source Files</Filter>
    </ClCompile>
    <ClCompile Include="Instance\SurfaceKHR\SurfaceKHR.cpp">
      <Filter>Source Files</Filter>
    </ClCompile>
    <ClCompile Include="Utils\Extensions.cpp">
      <Filter>Source Files</Filter>
    </ClCompile>
    <ClCompile Include="Instance\SurfaceKHR\GpuSurface.cpp">
      <Filter>Source Files</Filter>
    </ClCompile>
    <ClCompile Include="Instance\DebugMessenger.cpp">
      <Filter>Source Files</Filter>
    </ClCompile>
    <ClCompile Include="Instance\Device\Device.cpp">
      <Filter>Source Files</Filter>
    </ClCompile>
    <ClCompile Include="Instance\Requirement.cpp">
      <Filter>Source Files</Filter>
    </ClCompile>
    <ClCompile Include="Instance\SwapchainKHR\SwapchainKHR.cpp">
      <Filter>Source Files</Filter>
    </ClCompile>
    <ClCompile Include="Instance\SurfaceKHR\SurfaceSupportOptions.cpp">
      <Filter>Source Files</Filter>
    </ClCompile>
    <ClCompile Include="Pipeline\Shaders\Loaders\BuiltinShader.cpp">
      <Filter>Source Files</Filter>
    </ClCompile>
    <ClCompile Include="Pipeline\Shaders\Embedded.cpp">
      <Filter>Source Files</Filter>
    </ClCompile>
    <ClCompile Include="Pipeline\Pipeline.cpp">
      <Filter>Source Files</Filter>
    </ClCompile>
    <ClCompile Include="Pipeline\PipelineLoader.cpp">
      <Filter>Source Files</Filter>
    </ClCompile>
    <ClCompile Include="Pipeline\RenderPass\RenderPass.cpp">
      <Filter>Source Files</Filter>
    </ClCompile>
    <ClCompile Include="Pipeline\RenderPass\Subpass.cpp">
      <Filter>Source Files</Filter>
    </ClCompile>
    <ClCompile Include="Commands\CommandPool.cpp">
      <Filter>Source Files</Filter>
    </ClCompile>
    <ClCompile Include="Commands\CommandBuffer.cpp">
      <Filter>Source Files</Filter>
    </ClCompile>
    <ClCompile Include="Instance\SwapchainKHR\SwapchainImage.cpp">
      <Filter>Source Files</Filter>
    </ClCompile>
    <ClCompile Include="Gfx\ImageView.cpp">
      <Filter>Source Files</Filter>
    </ClCompile>
    <ClCompile Include="Gfx\Dimensions.cpp">
      <Filter>Source Files</Filter>
    </ClCompile>
    <ClCompile Include="Commands\CommandRecorder.cpp">
      <Filter>Source Files</Filter>
    </ClCompile>
    <ClCompile Include="Pipeline\RenderPass\RenderPassContext.cpp">
      <Filter>Source Files</Filter>
    </ClCompile>
    <ClCompile Include="Renderer\FrameDrawer.cpp">
      <Filter>Source Files</Filter>
    </ClCompile>
    <ClCompile Include="Utils\DeviceBound.cpp">
      <Filter>Source Files</Filter>
    </ClCompile>
    <ClCompile Include="Utils\SwapchainBound.cpp">
      <Filter>Source Files</Filter>
    </ClCompile>
    <ClCompile Include="Pipeline\Framebuffer.cpp">
      <Filter>Source Files</Filter>
    </ClCompile>
    <ClCompile Include="Instance\Device\Queue.cpp">
      <Filter>Source Files</Filter>
    </ClCompile>
    <ClCompile Include="Instance\SwapchainKHR\SwapchainCreator.cpp">
      <Filter>Source Files</Filter>
    </ClCompile>
  </ItemGroup>
  <ItemGroup>
    <None Include="Instance\SurfaceKHR\SurfaceKHR.Win32.inl">
      <Filter>Header Files</Filter>
    </None>
    <None Include="Renderer\Device.inl">
      <Filter>Header Files</Filter>
    </None>
    <None Include="Renderer\Gpu.inl">
      <Filter>Header Files</Filter>
    </None>
    <None Include="cpp.hint" />
  </ItemGroup>
</Project>