<?xml version="1.0" encoding="utf-8"?>
<Project ToolsVersion="4.0" xmlns="http://schemas.microsoft.com/developer/msbuild/2003">
  <ItemGroup>
    <Filter Include="Source Files">
      <UniqueIdentifier>{4FC737F1-C7A5-4376-A066-2A32D752A2FF}</UniqueIdentifier>
      <Extensions>cpp;c;cc;cxx;c++;cppm;ixx;def;odl;idl;hpj;bat;asm;asmx</Extensions>
    </Filter>
    <Filter Include="Header Files">
      <UniqueIdentifier>{93995380-89BD-4b04-88EB-625FBE52EBFB}</UniqueIdentifier>
      <Extensions>h;hh;hpp;hxx;h++;hm;inl;inc;ipp;xsd</Extensions>
    </Filter>
    <Filter Include="Resource Files">
      <UniqueIdentifier>{67DA6AB6-F800-4c08-8B7A-83BB121AAD01}</UniqueIdentifier>
      <Extensions>rc;ico;cur;bmp;dlg;rc2;rct;bin;rgs;gif;jpg;jpeg;jpe;resx;tiff;tif;png;wav;mfcribbon-ms</Extensions>
    </Filter>
    <Filter Include="Header Files\Logging">
      <UniqueIdentifier>{8b5d8e8d-b5cf-4628-a9dd-988d943f9f79}</UniqueIdentifier>
    </Filter>
    <Filter Include="Header Files\Input">
      <UniqueIdentifier>{b3e83aa8-b798-4a18-abd3-9351e853d241}</UniqueIdentifier>
    </Filter>
    <Filter Include="Header Files\Io">
      <UniqueIdentifier>{dfb7e90c-4f65-476c-b7c7-a814509ab3f2}</UniqueIdentifier>
    </Filter>
    <Filter Include="Header Files\Types">
      <UniqueIdentifier>{7d84d3b1-91b8-4744-88f5-858f6448f595}</UniqueIdentifier>
    </Filter>
    <Filter Include="Header Files\Window">
      <UniqueIdentifier>{7f2211ec-b62a-4c8f-a965-9d9b5a45cff1}</UniqueIdentifier>
    </Filter>
    <Filter Include="Shaders">
      <UniqueIdentifier>{1d1abc96-bb9f-4289-9ba9-6dc719dea771}</UniqueIdentifier>
    </Filter>
    <Filter Include="Props">
      <UniqueIdentifier>{78a81023-9048-45c4-9ff2-d203beb0e8ec}</UniqueIdentifier>
    </Filter>
    <Filter Include="Source Files\Types">
      <UniqueIdentifier>{5ef93700-4a57-407a-895a-b0975c54b836}</UniqueIdentifier>
    </Filter>
    <Filter Include="Source Files\Window">
      <UniqueIdentifier>{c11f39d8-9b6c-402f-a449-a3c17b9fbcdb}</UniqueIdentifier>
    </Filter>
    <Filter Include="Header Files\Window\Attributes">
      <UniqueIdentifier>{2b161f6f-59bc-4b2d-8090-f247714ba384}</UniqueIdentifier>
    </Filter>
  </ItemGroup>
  <ItemGroup>
    <ClInclude Include="Types.h">
      <Filter>Header Files</Filter>
    </ClInclude>
    <ClInclude Include="Error.h">
      <Filter>Header Files</Filter>
    </ClInclude>
    <ClInclude Include="Meta.h">
      <Filter>Header Files</Filter>
    </ClInclude>
    <ClInclude Include="Log.h">
      <Filter>Header Files\Logging</Filter>
    </ClInclude>
    <ClInclude Include="Logging\ILogger.h">
      <Filter>Header Files\Logging</Filter>
    </ClInclude>
    <ClInclude Include="Logging\ConsoleLogger.h">
      <Filter>Header Files\Logging</Filter>
    </ClInclude>
    <ClInclude Include="Input\Providers\IKeyInputProvider.h">
      <Filter>Header Files\Input</Filter>
    </ClInclude>
    <ClInclude Include="Input\Input.h">
      <Filter>Header Files\Input</Filter>
    </ClInclude>
    <ClInclude Include="Input\Providers\IMouseInputProvider.h">
      <Filter>Header Files\Input</Filter>
    </ClInclude>
    <ClInclude Include="Input\Providers\ICharacterInputProvider.h">
      <Filter>Header Files\Input</Filter>
    </ClInclude>
    <ClInclude Include="..\Common.h">
      <Filter>Header Files</Filter>
    </ClInclude>
    <ClInclude Include="Utils\File.h">
      <Filter>Header Files\Io</Filter>
    </ClInclude>
    <ClInclude Include="Concepts.h">
      <Filter>Header Files</Filter>
    </ClInclude>
    <ClInclude Include="Presentables\IWindow.h">
      <Filter>Header Files\Window</Filter>
    </ClInclude>
    <ClInclude Include="Const.h">
      <Filter>Header Files</Filter>
    </ClInclude>
    <ClInclude Include="Runtime.h">
      <Filter>Header Files</Filter>
    </ClInclude>
    <ClInclude Include="IRenderer.h">
      <Filter>Header Files\Window</Filter>
    </ClInclude>
    <ClInclude Include="Utils\Mainloop.h">
      <Filter>Header Files\Window</Filter>
    </ClInclude>
    <ClInclude Include="Presentables\IPresentable.h">
      <Filter>Header Files\Window\Attributes</Filter>
    </ClInclude>
    <ClInclude Include="Presentables\IRealtimePresentable.h">
      <Filter>Header Files\Window\Attributes</Filter>
    </ClInclude>
    <ClInclude Include="Presentables\IScalingPresentable.h">
      <Filter>Header Files\Window\Attributes</Filter>
    </ClInclude>
    <ClInclude Include="Presentables\IFullscreenPresentable.h">
      <Filter>Header Files\Window\Attributes</Filter>
    </ClInclude>
    <ClInclude Include="Types\SignalList.h">
      <Filter>Header Files\Types</Filter>
    </ClInclude>
    <ClInclude Include="Utils\Monitor.h">
      <Filter>Header Files</Filter>
    </ClInclude>
    <ClInclude Include="Types\IToken.h">
      <Filter>Header Files</Filter>
    </ClInclude>
    <ClInclude Include="Types\Behavior\MemoryComparable.h">
      <Filter>Header Files</Filter>
    </ClInclude>
    <ClInclude Include="Application.h">
      <Filter>Header Files</Filter>
    </ClInclude>
    <ClInclude Include="Types\Buffer.h">
      <Filter>Header Files</Filter>
    </ClInclude>
    <ClInclude Include="Engine.h">
      <Filter>Header Files</Filter>
    </ClInclude>
    <ClInclude Include="Optimize\Avx.h">
      <Filter>Header Files</Filter>
    </ClInclude>
    <ClInclude Include="Types\CappedStack.h">
      <Filter>Header Files</Filter>
    </ClInclude>
    <ClInclude Include="Types\Behavior\EnumAccess.h">
      <Filter>Header Files</Filter>
    </ClInclude>
    <ClInclude Include="Types\Behavior\Enum.h">
      <Filter>Header Files</Filter>
    </ClInclude>
    <ClInclude Include="Types\Iterators\Functions.h">
      <Filter>Header Files</Filter>
    </ClInclude>
    <ClInclude Include="Types\Iterators\IndexIterator.h">
      <Filter>Header Files</Filter>
    </ClInclude>
    <ClInclude Include="Types\Iterators\TiedIterator.h">
      <Filter>Header Files</Filter>
    </ClInclude>
    <ClInclude Include="Types\Iterators\RangedIterable.h">
      <Filter>Header Files</Filter>
    </ClInclude>
    <ClInclude Include="Flags.h">
      <Filter>Header Files</Filter>
    </ClInclude>
    <ClInclude Include="Types\Address.h">
      <Filter>Header Files</Filter>
    </ClInclude>
    <ClInclude Include="Print.h">
      <Filter>Header Files</Filter>
    </ClInclude>
    <ClInclude Include="Types\traits\function.h">
      <Filter>Header Files</Filter>
    </ClInclude>
    <ClInclude Include="Types\traits\member_function.h">
      <Filter>Header Files</Filter>
    </ClInclude>
    <ClInclude Include="Types\Notifier.h">
      <Filter>Header Files</Filter>
    </ClInclude>
    <ClInclude Include="Types\traits\generic.h">
      <Filter>Header Files</Filter>
    </ClInclude>
    <ClInclude Include="Types\traits\iterable.h">
      <Filter>Header Files</Filter>
    </ClInclude>
    <ClInclude Include="Types\traits\container.h">
      <Filter>Header Files</Filter>
    </ClInclude>
  </ItemGroup>
  <ItemGroup>
    <ClCompile Include="Error.cpp">
      <Filter>Source Files</Filter>
    </ClCompile>
    <ClCompile Include="Logging\Log.cpp">
      <Filter>Source Files</Filter>
    </ClCompile>
    <ClCompile Include="Logging\ConsoleLogger.cpp">
      <Filter>Source Files</Filter>
    </ClCompile>
    <ClCompile Include="Input\Input.cpp">
      <Filter>Source Files</Filter>
    </ClCompile>
    <ClCompile Include="Utils\File.cpp">
      <Filter>Source Files</Filter>
    </ClCompile>
    <ClCompile Include="Utils\Mainloop.cpp">
      <Filter>Source Files\Window</Filter>
    </ClCompile>
    <ClCompile Include="Utils\Monitor.cpp">
      <Filter>Source Files</Filter>
    </ClCompile>
  </ItemGroup>
  <ItemGroup>
    <None Include="Default.vert">
      <Filter>Shaders</Filter>
    </None>
    <None Include="Default.frag">
      <Filter>Shaders</Filter>
    </None>
    <None Include="CompileShader.props">
      <Filter>Props</Filter>
    </None>
    <None Include="EmbedShaders.props">
      <Filter>Props</Filter>
    </None>
    <None Include="Optimize\AVX\Avx256.inl">
      <Filter>Header Files</Filter>
    </None>
  </ItemGroup>
</Project>